
Microsoft Visual Studio Solution File, Format Version 12.00
# Visual Studio 15
VisualStudioVersion = 15.0.26730.3
MinimumVisualStudioVersion = 10.0.40219.1
Project("{2150E333-8FDC-42A3-9474-1A3956D46DE8}") = "Tests", "Tests", "{70515E66-DAF8-4D18-8F8F-8A2934171AA9}"
EndProject
Project("{2150E333-8FDC-42A3-9474-1A3956D46DE8}") = "Solution Items", "Solution Items", "{4E12E4C1-2EC6-4EC7-8956-AF2721DA4ECE}"
	ProjectSection(SolutionItems) = preProject
		.editorconfig = .editorconfig
		build\common.props = build\common.props
		README.md = README.md
		docker-compose.yml = docker-compose.yml
	EndProjectSection
EndProject
Project("{9A19103F-16F7-4668-BE54-9A1E7A4F7556}") = "Foundatio.Redis", "src\Foundatio.Redis\Foundatio.Redis.csproj", "{EAE3607D-73A1-4D02-BDAA-24A37DDA15CB}"
EndProject
Project("{9A19103F-16F7-4668-BE54-9A1E7A4F7556}") = "Foundatio.Redis.Tests", "tests\Foundatio.Redis.Tests\Foundatio.Redis.Tests.csproj", "{9832E1F4-C826-4704-890A-00F330BC5913}"
EndProject
Project("{2150E333-8FDC-42A3-9474-1A3956D46DE8}") = "Samples", "Samples", "{4627517A-487E-4B03-AE39-BE8C057EB2F9}"
EndProject
Project("{9A19103F-16F7-4668-BE54-9A1E7A4F7556}") = "Foundatio.SampleJob", "samples\Foundatio.SampleJob\Foundatio.SampleJob.csproj", "{5C3AE887-C3CB-40E5-B1F5-6B7E802FFEC8}"
EndProject
Project("{9A19103F-16F7-4668-BE54-9A1E7A4F7556}") = "Foundatio.SampleJobClient", "samples\Foundatio.SampleJobClient\Foundatio.SampleJobClient.csproj", "{B26F0F47-9747-4C90-898D-CEB2B0406B4C}"
EndProject
Project("{9A19103F-16F7-4668-BE54-9A1E7A4F7556}") = "Foundatio.Benchmarks", "tests\Foundatio.Benchmarks\Foundatio.Benchmarks.csproj", "{1EEB4A18-5046-4F41-B021-C31C9E418F86}"
EndProject
Global
	GlobalSection(SolutionConfigurationPlatforms) = preSolution
		Debug|Any CPU = Debug|Any CPU
		Debug|x64 = Debug|x64
		Debug|x86 = Debug|x86
		Release|Any CPU = Release|Any CPU
		Release|x64 = Release|x64
		Release|x86 = Release|x86
	EndGlobalSection
	GlobalSection(ProjectConfigurationPlatforms) = postSolution
		{EAE3607D-73A1-4D02-BDAA-24A37DDA15CB}.Debug|Any CPU.ActiveCfg = Debug|Any CPU
		{EAE3607D-73A1-4D02-BDAA-24A37DDA15CB}.Debug|Any CPU.Build.0 = Debug|Any CPU
		{EAE3607D-73A1-4D02-BDAA-24A37DDA15CB}.Debug|x64.ActiveCfg = Debug|Any CPU
		{EAE3607D-73A1-4D02-BDAA-24A37DDA15CB}.Debug|x64.Build.0 = Debug|Any CPU
		{EAE3607D-73A1-4D02-BDAA-24A37DDA15CB}.Debug|x86.ActiveCfg = Debug|Any CPU
		{EAE3607D-73A1-4D02-BDAA-24A37DDA15CB}.Debug|x86.Build.0 = Debug|Any CPU
		{EAE3607D-73A1-4D02-BDAA-24A37DDA15CB}.Release|Any CPU.ActiveCfg = Release|Any CPU
		{EAE3607D-73A1-4D02-BDAA-24A37DDA15CB}.Release|Any CPU.Build.0 = Release|Any CPU
		{EAE3607D-73A1-4D02-BDAA-24A37DDA15CB}.Release|x64.ActiveCfg = Release|Any CPU
		{EAE3607D-73A1-4D02-BDAA-24A37DDA15CB}.Release|x64.Build.0 = Release|Any CPU
		{EAE3607D-73A1-4D02-BDAA-24A37DDA15CB}.Release|x86.ActiveCfg = Release|Any CPU
		{EAE3607D-73A1-4D02-BDAA-24A37DDA15CB}.Release|x86.Build.0 = Release|Any CPU
		{9832E1F4-C826-4704-890A-00F330BC5913}.Debug|Any CPU.ActiveCfg = Debug|Any CPU
		{9832E1F4-C826-4704-890A-00F330BC5913}.Debug|Any CPU.Build.0 = Debug|Any CPU
		{9832E1F4-C826-4704-890A-00F330BC5913}.Debug|x64.ActiveCfg = Debug|Any CPU
		{9832E1F4-C826-4704-890A-00F330BC5913}.Debug|x64.Build.0 = Debug|Any CPU
		{9832E1F4-C826-4704-890A-00F330BC5913}.Debug|x86.ActiveCfg = Debug|Any CPU
		{9832E1F4-C826-4704-890A-00F330BC5913}.Debug|x86.Build.0 = Debug|Any CPU
		{9832E1F4-C826-4704-890A-00F330BC5913}.Release|Any CPU.ActiveCfg = Release|Any CPU
		{9832E1F4-C826-4704-890A-00F330BC5913}.Release|Any CPU.Build.0 = Release|Any CPU
		{9832E1F4-C826-4704-890A-00F330BC5913}.Release|x64.ActiveCfg = Release|Any CPU
		{9832E1F4-C826-4704-890A-00F330BC5913}.Release|x64.Build.0 = Release|Any CPU
		{9832E1F4-C826-4704-890A-00F330BC5913}.Release|x86.ActiveCfg = Release|Any CPU
		{9832E1F4-C826-4704-890A-00F330BC5913}.Release|x86.Build.0 = Release|Any CPU
		{5C3AE887-C3CB-40E5-B1F5-6B7E802FFEC8}.Debug|Any CPU.ActiveCfg = Debug|Any CPU
		{5C3AE887-C3CB-40E5-B1F5-6B7E802FFEC8}.Debug|Any CPU.Build.0 = Debug|Any CPU
		{5C3AE887-C3CB-40E5-B1F5-6B7E802FFEC8}.Debug|x64.ActiveCfg = Debug|Any CPU
		{5C3AE887-C3CB-40E5-B1F5-6B7E802FFEC8}.Debug|x64.Build.0 = Debug|Any CPU
		{5C3AE887-C3CB-40E5-B1F5-6B7E802FFEC8}.Debug|x86.ActiveCfg = Debug|Any CPU
		{5C3AE887-C3CB-40E5-B1F5-6B7E802FFEC8}.Debug|x86.Build.0 = Debug|Any CPU
		{5C3AE887-C3CB-40E5-B1F5-6B7E802FFEC8}.Release|Any CPU.ActiveCfg = Release|Any CPU
		{5C3AE887-C3CB-40E5-B1F5-6B7E802FFEC8}.Release|Any CPU.Build.0 = Release|Any CPU
		{5C3AE887-C3CB-40E5-B1F5-6B7E802FFEC8}.Release|x64.ActiveCfg = Release|Any CPU
		{5C3AE887-C3CB-40E5-B1F5-6B7E802FFEC8}.Release|x64.Build.0 = Release|Any CPU
		{5C3AE887-C3CB-40E5-B1F5-6B7E802FFEC8}.Release|x86.ActiveCfg = Release|Any CPU
		{5C3AE887-C3CB-40E5-B1F5-6B7E802FFEC8}.Release|x86.Build.0 = Release|Any CPU
		{B26F0F47-9747-4C90-898D-CEB2B0406B4C}.Debug|Any CPU.ActiveCfg = Debug|Any CPU
		{B26F0F47-9747-4C90-898D-CEB2B0406B4C}.Debug|Any CPU.Build.0 = Debug|Any CPU
		{B26F0F47-9747-4C90-898D-CEB2B0406B4C}.Debug|x64.ActiveCfg = Debug|Any CPU
		{B26F0F47-9747-4C90-898D-CEB2B0406B4C}.Debug|x64.Build.0 = Debug|Any CPU
		{B26F0F47-9747-4C90-898D-CEB2B0406B4C}.Debug|x86.ActiveCfg = Debug|Any CPU
		{B26F0F47-9747-4C90-898D-CEB2B0406B4C}.Debug|x86.Build.0 = Debug|Any CPU
		{B26F0F47-9747-4C90-898D-CEB2B0406B4C}.Release|Any CPU.ActiveCfg = Release|Any CPU
		{B26F0F47-9747-4C90-898D-CEB2B0406B4C}.Release|Any CPU.Build.0 = Release|Any CPU
		{B26F0F47-9747-4C90-898D-CEB2B0406B4C}.Release|x64.ActiveCfg = Release|Any CPU
		{B26F0F47-9747-4C90-898D-CEB2B0406B4C}.Release|x64.Build.0 = Release|Any CPU
		{B26F0F47-9747-4C90-898D-CEB2B0406B4C}.Release|x86.ActiveCfg = Release|Any CPU
		{B26F0F47-9747-4C90-898D-CEB2B0406B4C}.Release|x86.Build.0 = Release|Any CPU
		{1EEB4A18-5046-4F41-B021-C31C9E418F86}.Debug|Any CPU.ActiveCfg = Debug|Any CPU
		{1EEB4A18-5046-4F41-B021-C31C9E418F86}.Debug|Any CPU.Build.0 = Debug|Any CPU
		{1EEB4A18-5046-4F41-B021-C31C9E418F86}.Debug|x64.ActiveCfg = Debug|Any CPU
		{1EEB4A18-5046-4F41-B021-C31C9E418F86}.Debug|x64.Build.0 = Debug|Any CPU
		{1EEB4A18-5046-4F41-B021-C31C9E418F86}.Debug|x86.ActiveCfg = Debug|Any CPU
		{1EEB4A18-5046-4F41-B021-C31C9E418F86}.Debug|x86.Build.0 = Debug|Any CPU
		{1EEB4A18-5046-4F41-B021-C31C9E418F86}.Release|Any CPU.ActiveCfg = Release|Any CPU
		{1EEB4A18-5046-4F41-B021-C31C9E418F86}.Release|Any CPU.Build.0 = Release|Any CPU
		{1EEB4A18-5046-4F41-B021-C31C9E418F86}.Release|x64.ActiveCfg = Release|Any CPU
		{1EEB4A18-5046-4F41-B021-C31C9E418F86}.Release|x64.Build.0 = Release|Any CPU
		{1EEB4A18-5046-4F41-B021-C31C9E418F86}.Release|x86.ActiveCfg = Release|Any CPU
		{1EEB4A18-5046-4F41-B021-C31C9E418F86}.Release|x86.Build.0 = Release|Any CPU
	EndGlobalSection
	GlobalSection(SolutionProperties) = preSolution
		HideSolutionNode = FALSE
	EndGlobalSection
	GlobalSection(NestedProjects) = preSolution
		{9832E1F4-C826-4704-890A-00F330BC5913} = {70515E66-DAF8-4D18-8F8F-8A2934171AA9}
		{5C3AE887-C3CB-40E5-B1F5-6B7E802FFEC8} = {4627517A-487E-4B03-AE39-BE8C057EB2F9}
		{B26F0F47-9747-4C90-898D-CEB2B0406B4C} = {4627517A-487E-4B03-AE39-BE8C057EB2F9}
		{1EEB4A18-5046-4F41-B021-C31C9E418F86} = {70515E66-DAF8-4D18-8F8F-8A2934171AA9}
	EndGlobalSection
	GlobalSection(ExtensibilityGlobals) = postSolution
		SolutionGuid = {ED76C45B-CAC0-42B7-B2F2-DFEB046E87B9}
	EndGlobalSection
EndGlobal
